
Microsoft Visual Studio Solution File, Format Version 12.00
# Visual Studio Version 17
VisualStudioVersion = 17.7.34009.444
MinimumVisualStudioVersion = 10.0.40219.1
Project("{9A19103F-16F7-4668-BE54-9A1E7A4F7556}") = "13.Multidimensional_Arrays", "13.Multidimensional_Arrays\13.Multidimensional_Arrays.csproj", "{C76627E9-13B0-4075-A003-A51AF6E9A86A}"
EndProject
Project("{FAE04EC0-301F-11D3-BF4B-00C04F79EFBC}") = "13.Tests", "13.Tests\13.Tests.csproj", "{6F9AAA8F-5E7C-4203-A63F-D23026946D30}"
EndProject
Global
	GlobalSection(SolutionConfigurationPlatforms) = preSolution
		Debug|Any CPU = Debug|Any CPU
		Release|Any CPU = Release|Any CPU
	EndGlobalSection
	GlobalSection(ProjectConfigurationPlatforms) = postSolution
		{C76627E9-13B0-4075-A003-A51AF6E9A86A}.Debug|Any CPU.ActiveCfg = Debug|Any CPU
		{C76627E9-13B0-4075-A003-A51AF6E9A86A}.Debug|Any CPU.Build.0 = Debug|Any CPU
		{C76627E9-13B0-4075-A003-A51AF6E9A86A}.Release|Any CPU.ActiveCfg = Release|Any CPU
		{C76627E9-13B0-4075-A003-A51AF6E9A86A}.Release|Any CPU.Build.0 = Release|Any CPU
		{6F9AAA8F-5E7C-4203-A63F-D23026946D30}.Debug|Any CPU.ActiveCfg = Debug|Any CPU
		{6F9AAA8F-5E7C-4203-A63F-D23026946D30}.Debug|Any CPU.Build.0 = Debug|Any CPU
		{6F9AAA8F-5E7C-4203-A63F-D23026946D30}.Release|Any CPU.ActiveCfg = Release|Any CPU
		{6F9AAA8F-5E7C-4203-A63F-D23026946D30}.Release|Any CPU.Build.0 = Release|Any CPU
	EndGlobalSection
	GlobalSection(SolutionProperties) = preSolution
		HideSolutionNode = FALSE
	EndGlobalSection
	GlobalSection(ExtensibilityGlobals) = postSolution
		SolutionGuid = {62CDA61F-21B7-4147-8785-8D130F0ECE0F}
	EndGlobalSection
EndGlobal
