
Microsoft Visual Studio Solution File, Format Version 12.00
# Visual Studio Version 17
VisualStudioVersion = 17.7.34009.444
MinimumVisualStudioVersion = 10.0.40219.1
Project("{9A19103F-16F7-4668-BE54-9A1E7A4F7556}") = "III.5.DataBases.UpdateBankomat", "..\II.16.Advanced.10.Bankomatas UPDATE\II.16.Advanced.10.Bankomatas\III.5.DataBases.UpdateBankomat.csproj", "{922F7EA4-B8BA-4639-89AD-4561A8BE20FB}"
EndProject
Global
	GlobalSection(SolutionConfigurationPlatforms) = preSolution
		Debug|Any CPU = Debug|Any CPU
		Release|Any CPU = Release|Any CPU
	EndGlobalSection
	GlobalSection(ProjectConfigurationPlatforms) = postSolution
		{922F7EA4-B8BA-4639-89AD-4561A8BE20FB}.Debug|Any CPU.ActiveCfg = Debug|Any CPU
		{922F7EA4-B8BA-4639-89AD-4561A8BE20FB}.Debug|Any CPU.Build.0 = Debug|Any CPU
		{922F7EA4-B8BA-4639-89AD-4561A8BE20FB}.Release|Any CPU.ActiveCfg = Release|Any CPU
		{922F7EA4-B8BA-4639-89AD-4561A8BE20FB}.Release|Any CPU.Build.0 = Release|Any CPU
	EndGlobalSection
	GlobalSection(SolutionProperties) = preSolution
		HideSolutionNode = FALSE
	EndGlobalSection
	GlobalSection(ExtensibilityGlobals) = postSolution
		SolutionGuid = {A17BE156-8BFF-4E64-A1E2-CA0755664D2E}
	EndGlobalSection
EndGlobal
