
Microsoft Visual Studio Solution File, Format Version 12.00
# Visual Studio Version 17
VisualStudioVersion = 17.7.34009.444
MinimumVisualStudioVersion = 10.0.40219.1
Project("{FAE04EC0-301F-11D3-BF4B-00C04F79EFBC}") = "TestingDBManyToMany", "TestingDBManyToMany.csproj", "{EC741C08-A47F-4C6C-9694-BA8E877B18D4}"
EndProject
Global
	GlobalSection(SolutionConfigurationPlatforms) = preSolution
		Debug|Any CPU = Debug|Any CPU
		Release|Any CPU = Release|Any CPU
	EndGlobalSection
	GlobalSection(ProjectConfigurationPlatforms) = postSolution
		{EC741C08-A47F-4C6C-9694-BA8E877B18D4}.Debug|Any CPU.ActiveCfg = Debug|Any CPU
		{EC741C08-A47F-4C6C-9694-BA8E877B18D4}.Debug|Any CPU.Build.0 = Debug|Any CPU
		{EC741C08-A47F-4C6C-9694-BA8E877B18D4}.Release|Any CPU.ActiveCfg = Release|Any CPU
		{EC741C08-A47F-4C6C-9694-BA8E877B18D4}.Release|Any CPU.Build.0 = Release|Any CPU
	EndGlobalSection
	GlobalSection(SolutionProperties) = preSolution
		HideSolutionNode = FALSE
	EndGlobalSection
	GlobalSection(ExtensibilityGlobals) = postSolution
		SolutionGuid = {23CEE1B7-F226-4F80-BF2D-2C9BD093EA7E}
	EndGlobalSection
EndGlobal
