
Microsoft Visual Studio Solution File, Format Version 12.00
# Visual Studio Version 17
VisualStudioVersion = 17.7.34009.444
MinimumVisualStudioVersion = 10.0.40219.1
Project("{FAE04EC0-301F-11D3-BF4B-00C04F79EFBC}") = "14.List", "14.List\14.List.csproj", "{3D4BE3B2-C42C-4ED2-930B-6A7CDBED23DF}"
EndProject
Global
	GlobalSection(SolutionConfigurationPlatforms) = preSolution
		Debug|Any CPU = Debug|Any CPU
		Release|Any CPU = Release|Any CPU
	EndGlobalSection
	GlobalSection(ProjectConfigurationPlatforms) = postSolution
		{3D4BE3B2-C42C-4ED2-930B-6A7CDBED23DF}.Debug|Any CPU.ActiveCfg = Debug|Any CPU
		{3D4BE3B2-C42C-4ED2-930B-6A7CDBED23DF}.Debug|Any CPU.Build.0 = Debug|Any CPU
		{3D4BE3B2-C42C-4ED2-930B-6A7CDBED23DF}.Release|Any CPU.ActiveCfg = Release|Any CPU
		{3D4BE3B2-C42C-4ED2-930B-6A7CDBED23DF}.Release|Any CPU.Build.0 = Release|Any CPU
	EndGlobalSection
	GlobalSection(SolutionProperties) = preSolution
		HideSolutionNode = FALSE
	EndGlobalSection
	GlobalSection(ExtensibilityGlobals) = postSolution
		SolutionGuid = {C6C55885-960C-434E-B988-AEAD60585C3C}
	EndGlobalSection
EndGlobal
