
Microsoft Visual Studio Solution File, Format Version 12.00
# Visual Studio Version 17
VisualStudioVersion = 17.7.34009.444
MinimumVisualStudioVersion = 10.0.40219.1
Project("{FAE04EC0-301F-11D3-BF4B-00C04F79EFBC}") = "2.Substrings", "2.Substrings\2.Substrings.csproj", "{0DC57FEF-3C5A-490C-B677-75E85E19D421}"
EndProject
Global
	GlobalSection(SolutionConfigurationPlatforms) = preSolution
		Debug|Any CPU = Debug|Any CPU
		Release|Any CPU = Release|Any CPU
	EndGlobalSection
	GlobalSection(ProjectConfigurationPlatforms) = postSolution
		{0DC57FEF-3C5A-490C-B677-75E85E19D421}.Debug|Any CPU.ActiveCfg = Debug|Any CPU
		{0DC57FEF-3C5A-490C-B677-75E85E19D421}.Debug|Any CPU.Build.0 = Debug|Any CPU
		{0DC57FEF-3C5A-490C-B677-75E85E19D421}.Release|Any CPU.ActiveCfg = Release|Any CPU
		{0DC57FEF-3C5A-490C-B677-75E85E19D421}.Release|Any CPU.Build.0 = Release|Any CPU
	EndGlobalSection
	GlobalSection(SolutionProperties) = preSolution
		HideSolutionNode = FALSE
	EndGlobalSection
	GlobalSection(ExtensibilityGlobals) = postSolution
		SolutionGuid = {C13BFE0B-706C-4CF0-B758-AE88E1B6CCDC}
	EndGlobalSection
EndGlobal
