
Microsoft Visual Studio Solution File, Format Version 12.00
# Visual Studio Version 17
VisualStudioVersion = 17.7.34009.444
MinimumVisualStudioVersion = 10.0.40219.1
Project("{FAE04EC0-301F-11D3-BF4B-00C04F79EFBC}") = "2.String.numbers", "2.String.numbers\2.String.numbers.csproj", "{651523B0-69A9-4CD5-9E96-AE7603812A34}"
EndProject
Global
	GlobalSection(SolutionConfigurationPlatforms) = preSolution
		Debug|Any CPU = Debug|Any CPU
		Release|Any CPU = Release|Any CPU
	EndGlobalSection
	GlobalSection(ProjectConfigurationPlatforms) = postSolution
		{651523B0-69A9-4CD5-9E96-AE7603812A34}.Debug|Any CPU.ActiveCfg = Debug|Any CPU
		{651523B0-69A9-4CD5-9E96-AE7603812A34}.Debug|Any CPU.Build.0 = Debug|Any CPU
		{651523B0-69A9-4CD5-9E96-AE7603812A34}.Release|Any CPU.ActiveCfg = Release|Any CPU
		{651523B0-69A9-4CD5-9E96-AE7603812A34}.Release|Any CPU.Build.0 = Release|Any CPU
	EndGlobalSection
	GlobalSection(SolutionProperties) = preSolution
		HideSolutionNode = FALSE
	EndGlobalSection
	GlobalSection(ExtensibilityGlobals) = postSolution
		SolutionGuid = {BDB9412D-44D5-4046-9AE3-471E5B123AA8}
	EndGlobalSection
EndGlobal
