
Microsoft Visual Studio Solution File, Format Version 12.00
# Visual Studio Version 17
VisualStudioVersion = 17.7.34009.444
MinimumVisualStudioVersion = 10.0.40219.1
Project("{9A19103F-16F7-4668-BE54-9A1E7A4F7556}") = "III.6.DataBases.8.lesson", "III.6.DataBases.8.lesson.csproj", "{26C874CB-B50C-4656-8B12-BFACAB968795}"
EndProject
Project("{FAE04EC0-301F-11D3-BF4B-00C04F79EFBC}") = "TestingManyToMany", "..\TestingManyToMany\TestingManyToMany.csproj", "{93346031-7B95-47C1-8ADD-7E7D74D05FD6}"
EndProject
Project("{FAE04EC0-301F-11D3-BF4B-00C04F79EFBC}") = "Task1", "..\Task1\Task1.csproj", "{64BDDEB1-3F14-47D4-AEA7-AB73F8B11366}"
EndProject
Global
	GlobalSection(SolutionConfigurationPlatforms) = preSolution
		Debug|Any CPU = Debug|Any CPU
		Release|Any CPU = Release|Any CPU
	EndGlobalSection
	GlobalSection(ProjectConfigurationPlatforms) = postSolution
		{26C874CB-B50C-4656-8B12-BFACAB968795}.Debug|Any CPU.ActiveCfg = Debug|Any CPU
		{26C874CB-B50C-4656-8B12-BFACAB968795}.Debug|Any CPU.Build.0 = Debug|Any CPU
		{26C874CB-B50C-4656-8B12-BFACAB968795}.Release|Any CPU.ActiveCfg = Release|Any CPU
		{26C874CB-B50C-4656-8B12-BFACAB968795}.Release|Any CPU.Build.0 = Release|Any CPU
		{93346031-7B95-47C1-8ADD-7E7D74D05FD6}.Debug|Any CPU.ActiveCfg = Debug|Any CPU
		{93346031-7B95-47C1-8ADD-7E7D74D05FD6}.Debug|Any CPU.Build.0 = Debug|Any CPU
		{93346031-7B95-47C1-8ADD-7E7D74D05FD6}.Release|Any CPU.ActiveCfg = Release|Any CPU
		{93346031-7B95-47C1-8ADD-7E7D74D05FD6}.Release|Any CPU.Build.0 = Release|Any CPU
		{64BDDEB1-3F14-47D4-AEA7-AB73F8B11366}.Debug|Any CPU.ActiveCfg = Debug|Any CPU
		{64BDDEB1-3F14-47D4-AEA7-AB73F8B11366}.Debug|Any CPU.Build.0 = Debug|Any CPU
		{64BDDEB1-3F14-47D4-AEA7-AB73F8B11366}.Release|Any CPU.ActiveCfg = Release|Any CPU
		{64BDDEB1-3F14-47D4-AEA7-AB73F8B11366}.Release|Any CPU.Build.0 = Release|Any CPU
	EndGlobalSection
	GlobalSection(SolutionProperties) = preSolution
		HideSolutionNode = FALSE
	EndGlobalSection
	GlobalSection(ExtensibilityGlobals) = postSolution
		SolutionGuid = {FF55DD1D-8C88-41A6-B826-04C011C141E9}
	EndGlobalSection
EndGlobal
