
Microsoft Visual Studio Solution File, Format Version 12.00
# Visual Studio Version 17
VisualStudioVersion = 17.7.34009.444
MinimumVisualStudioVersion = 10.0.40219.1
Project("{FAE04EC0-301F-11D3-BF4B-00C04F79EFBC}") = "HelloWorld", "HelloWorld\HelloWorld.csproj", "{96B18261-BD48-4523-A504-7E7460A2FE4C}"
EndProject
Global
	GlobalSection(SolutionConfigurationPlatforms) = preSolution
		Debug|Any CPU = Debug|Any CPU
		Release|Any CPU = Release|Any CPU
	EndGlobalSection
	GlobalSection(ProjectConfigurationPlatforms) = postSolution
		{96B18261-BD48-4523-A504-7E7460A2FE4C}.Debug|Any CPU.ActiveCfg = Debug|Any CPU
		{96B18261-BD48-4523-A504-7E7460A2FE4C}.Debug|Any CPU.Build.0 = Debug|Any CPU
		{96B18261-BD48-4523-A504-7E7460A2FE4C}.Release|Any CPU.ActiveCfg = Release|Any CPU
		{96B18261-BD48-4523-A504-7E7460A2FE4C}.Release|Any CPU.Build.0 = Release|Any CPU
	EndGlobalSection
	GlobalSection(SolutionProperties) = preSolution
		HideSolutionNode = FALSE
	EndGlobalSection
	GlobalSection(ExtensibilityGlobals) = postSolution
		SolutionGuid = {17A75491-36EF-46B0-8D9C-0161C645875C}
	EndGlobalSection
EndGlobal
