
Microsoft Visual Studio Solution File, Format Version 12.00
# Visual Studio Version 17
VisualStudioVersion = 17.7.34009.444
MinimumVisualStudioVersion = 10.0.40219.1
Project("{9A19103F-16F7-4668-BE54-9A1E7A4F7556}") = "II.19.Advanced.Exam", "II.19.Advanced.Exam\II.19.Advanced.Exam.csproj", "{3FCF8B9C-E401-4491-AF81-ADE9355F797A}"
EndProject
Project("{9A19103F-16F7-4668-BE54-9A1E7A4F7556}") = "ExamUnitTests", "TestProject1\ExamUnitTests.csproj", "{F653E16B-2A63-4230-A392-9F3BB35F2271}"
EndProject
Global
	GlobalSection(SolutionConfigurationPlatforms) = preSolution
		Debug|Any CPU = Debug|Any CPU
		Release|Any CPU = Release|Any CPU
	EndGlobalSection
	GlobalSection(ProjectConfigurationPlatforms) = postSolution
		{3FCF8B9C-E401-4491-AF81-ADE9355F797A}.Debug|Any CPU.ActiveCfg = Debug|Any CPU
		{3FCF8B9C-E401-4491-AF81-ADE9355F797A}.Debug|Any CPU.Build.0 = Debug|Any CPU
		{3FCF8B9C-E401-4491-AF81-ADE9355F797A}.Release|Any CPU.ActiveCfg = Release|Any CPU
		{3FCF8B9C-E401-4491-AF81-ADE9355F797A}.Release|Any CPU.Build.0 = Release|Any CPU
		{F653E16B-2A63-4230-A392-9F3BB35F2271}.Debug|Any CPU.ActiveCfg = Debug|Any CPU
		{F653E16B-2A63-4230-A392-9F3BB35F2271}.Debug|Any CPU.Build.0 = Debug|Any CPU
		{F653E16B-2A63-4230-A392-9F3BB35F2271}.Release|Any CPU.ActiveCfg = Release|Any CPU
		{F653E16B-2A63-4230-A392-9F3BB35F2271}.Release|Any CPU.Build.0 = Release|Any CPU
	EndGlobalSection
	GlobalSection(SolutionProperties) = preSolution
		HideSolutionNode = FALSE
	EndGlobalSection
	GlobalSection(ExtensibilityGlobals) = postSolution
		SolutionGuid = {0B4E61A6-3D1E-454B-9D72-FCB8EF3F144F}
	EndGlobalSection
EndGlobal
