
Microsoft Visual Studio Solution File, Format Version 12.00
# Visual Studio Version 17
VisualStudioVersion = 17.8.34511.84
MinimumVisualStudioVersion = 10.0.40219.1
Project("{FAE04EC0-301F-11D3-BF4B-00C04F79EFBC}") = "NoteKeeperApi", "NoteKeeperApi\NoteKeeperApi.csproj", "{8E747FFB-7B87-4831-B04A-5E255D246A5E}"
EndProject
Global
	GlobalSection(SolutionConfigurationPlatforms) = preSolution
		Debug|Any CPU = Debug|Any CPU
		Release|Any CPU = Release|Any CPU
	EndGlobalSection
	GlobalSection(ProjectConfigurationPlatforms) = postSolution
		{8E747FFB-7B87-4831-B04A-5E255D246A5E}.Debug|Any CPU.ActiveCfg = Debug|Any CPU
		{8E747FFB-7B87-4831-B04A-5E255D246A5E}.Debug|Any CPU.Build.0 = Debug|Any CPU
		{8E747FFB-7B87-4831-B04A-5E255D246A5E}.Release|Any CPU.ActiveCfg = Release|Any CPU
		{8E747FFB-7B87-4831-B04A-5E255D246A5E}.Release|Any CPU.Build.0 = Release|Any CPU
	EndGlobalSection
	GlobalSection(SolutionProperties) = preSolution
		HideSolutionNode = FALSE
	EndGlobalSection
	GlobalSection(ExtensibilityGlobals) = postSolution
		SolutionGuid = {C1B83529-C32C-4AE5-90A8-E3FF400D2037}
	EndGlobalSection
EndGlobal
