
Microsoft Visual Studio Solution File, Format Version 12.00
# Visual Studio Version 17
VisualStudioVersion = 17.7.34009.444
MinimumVisualStudioVersion = 10.0.40219.1
Project("{9A19103F-16F7-4668-BE54-9A1E7A4F7556}") = "9. Ref_and_out", "9. Ref_and_out\9. Ref_and_out.csproj", "{FE686C80-A6B5-44A8-AB8A-7D9120F1820E}"
EndProject
Project("{9A19103F-16F7-4668-BE54-9A1E7A4F7556}") = "RefOutTest", "TestProject1\RefOutTest.csproj", "{A9562A7A-AC68-4BBB-913D-E0D03C0E44E8}"
EndProject
Global
	GlobalSection(SolutionConfigurationPlatforms) = preSolution
		Debug|Any CPU = Debug|Any CPU
		Release|Any CPU = Release|Any CPU
	EndGlobalSection
	GlobalSection(ProjectConfigurationPlatforms) = postSolution
		{FE686C80-A6B5-44A8-AB8A-7D9120F1820E}.Debug|Any CPU.ActiveCfg = Debug|Any CPU
		{FE686C80-A6B5-44A8-AB8A-7D9120F1820E}.Debug|Any CPU.Build.0 = Debug|Any CPU
		{FE686C80-A6B5-44A8-AB8A-7D9120F1820E}.Release|Any CPU.ActiveCfg = Release|Any CPU
		{FE686C80-A6B5-44A8-AB8A-7D9120F1820E}.Release|Any CPU.Build.0 = Release|Any CPU
		{A9562A7A-AC68-4BBB-913D-E0D03C0E44E8}.Debug|Any CPU.ActiveCfg = Debug|Any CPU
		{A9562A7A-AC68-4BBB-913D-E0D03C0E44E8}.Debug|Any CPU.Build.0 = Debug|Any CPU
		{A9562A7A-AC68-4BBB-913D-E0D03C0E44E8}.Release|Any CPU.ActiveCfg = Release|Any CPU
		{A9562A7A-AC68-4BBB-913D-E0D03C0E44E8}.Release|Any CPU.Build.0 = Release|Any CPU
	EndGlobalSection
	GlobalSection(SolutionProperties) = preSolution
		HideSolutionNode = FALSE
	EndGlobalSection
	GlobalSection(ExtensibilityGlobals) = postSolution
		SolutionGuid = {0CDF46D6-37D0-4689-8BB7-5566F497B55E}
	EndGlobalSection
EndGlobal
