
Microsoft Visual Studio Solution File, Format Version 12.00
# Visual Studio Version 17
VisualStudioVersion = 17.7.34009.444
MinimumVisualStudioVersion = 10.0.40219.1
Project("{FAE04EC0-301F-11D3-BF4B-00C04F79EFBC}") = "II.Davanced.7.LinqAndLamba", "II.Davanced.7.LinqAndLamba\II.Davanced.7.LinqAndLamba.csproj", "{3D126827-091D-41A3-88A4-9DA93773649B}"
EndProject
Project("{FAE04EC0-301F-11D3-BF4B-00C04F79EFBC}") = "Task1", "Task1\Task1.csproj", "{82ADBB96-8FB1-46DD-AF9E-C3A7664E934F}"
EndProject
Project("{FAE04EC0-301F-11D3-BF4B-00C04F79EFBC}") = "Task2", "Task2\Task2.csproj", "{A53C9E69-C26D-484A-97B4-0DB862076D19}"
EndProject
Global
	GlobalSection(SolutionConfigurationPlatforms) = preSolution
		Debug|Any CPU = Debug|Any CPU
		Release|Any CPU = Release|Any CPU
	EndGlobalSection
	GlobalSection(ProjectConfigurationPlatforms) = postSolution
		{3D126827-091D-41A3-88A4-9DA93773649B}.Debug|Any CPU.ActiveCfg = Debug|Any CPU
		{3D126827-091D-41A3-88A4-9DA93773649B}.Debug|Any CPU.Build.0 = Debug|Any CPU
		{3D126827-091D-41A3-88A4-9DA93773649B}.Release|Any CPU.ActiveCfg = Release|Any CPU
		{3D126827-091D-41A3-88A4-9DA93773649B}.Release|Any CPU.Build.0 = Release|Any CPU
		{82ADBB96-8FB1-46DD-AF9E-C3A7664E934F}.Debug|Any CPU.ActiveCfg = Debug|Any CPU
		{82ADBB96-8FB1-46DD-AF9E-C3A7664E934F}.Debug|Any CPU.Build.0 = Debug|Any CPU
		{82ADBB96-8FB1-46DD-AF9E-C3A7664E934F}.Release|Any CPU.ActiveCfg = Release|Any CPU
		{82ADBB96-8FB1-46DD-AF9E-C3A7664E934F}.Release|Any CPU.Build.0 = Release|Any CPU
		{A53C9E69-C26D-484A-97B4-0DB862076D19}.Debug|Any CPU.ActiveCfg = Debug|Any CPU
		{A53C9E69-C26D-484A-97B4-0DB862076D19}.Debug|Any CPU.Build.0 = Debug|Any CPU
		{A53C9E69-C26D-484A-97B4-0DB862076D19}.Release|Any CPU.ActiveCfg = Release|Any CPU
		{A53C9E69-C26D-484A-97B4-0DB862076D19}.Release|Any CPU.Build.0 = Release|Any CPU
	EndGlobalSection
	GlobalSection(SolutionProperties) = preSolution
		HideSolutionNode = FALSE
	EndGlobalSection
	GlobalSection(ExtensibilityGlobals) = postSolution
		SolutionGuid = {C25D0A36-BE65-4C95-BAF8-9C5B8616C141}
	EndGlobalSection
EndGlobal
